# This file is @generated by PDM.
# It is not intended for manual editing.

[metadata]
groups = ["default", "dev", "lint", "test"]
strategy = ["inherit_metadata"]
lock_version = "4.5.0"
content_hash = "sha256:04a3cb9c59bad578421a03a5dedec374a7470743ae53fc94e3f9655b92eba84a"

[[metadata.targets]]
requires_python = "==3.11.*"

[[package]]
name = "altgraph"
version = "0.17.4"
summary = "Python graph (network) package"
groups = ["dev"]
files = [
    {file = "altgraph-0.17.4-py2.py3-none-any.whl", hash = "sha256:642743b4750de17e655e6711601b077bc6598dbfa3ba5fa2b2a35ce12b508dff"},
    {file = "altgraph-0.17.4.tar.gz", hash = "sha256:1b5afbb98f6c4dcadb2e2ae6ab9fa994bbb8c1d75f4fa96d340f9437ae454406"},
]

[[package]]
name = "applescript"
version = "2021.2.9"
summary = ""
groups = ["default"]
files = [
    {file = "applescript-2021.2.9.tar.gz", hash = "sha256:e39542c0411d82c3c860af23f5a54c121279a409e5cf55acfa7f881ea9798854"},
]

[[package]]
name = "black"
version = "25.1.0"
requires_python = ">=3.9"
summary = "The uncompromising code formatter."
groups = ["dev", "lint"]
dependencies = [
    "click>=8.0.0",
    "mypy-extensions>=0.4.3",
    "packaging>=22.0",
    "pathspec>=0.9.0",
    "platformdirs>=2",
    "tomli>=1.1.0; python_version < \"3.11\"",
    "typing-extensions>=4.0.1; python_version < \"3.11\"",
]
files = [
    {file = "black-25.1.0-cp311-cp311-macosx_10_9_x86_64.whl", hash = "sha256:a39337598244de4bae26475f77dda852ea00a93bd4c728e09eacd827ec929df0"},
    {file = "black-25.1.0-cp311-cp311-macosx_11_0_arm64.whl", hash = "sha256:96c1c7cd856bba8e20094e36e0f948718dc688dba4a9d78c3adde52b9e6c2299"},
    {file = "black-25.1.0-cp311-cp311-manylinux_2_17_x86_64.manylinux2014_x86_64.manylinux_2_28_x86_64.whl", hash = "sha256:bce2e264d59c91e52d8000d507eb20a9aca4a778731a08cfff7e5ac4a4bb7096"},
    {file = "black-25.1.0-cp311-cp311-win_amd64.whl", hash = "sha256:172b1dbff09f86ce6f4eb8edf9dede08b1fce58ba194c87d7a4f1a5aa2f5b3c2"},
    {file = "black-25.1.0-py3-none-any.whl", hash = "sha256:95e8176dae143ba9097f351d174fdaf0ccd29efb414b362ae3fd72bf0f710717"},
    {file = "black-25.1.0.tar.gz", hash = "sha256:33496d5cd1222ad73391352b4ae8da15253c5de89b93a80b3e2c8d9a19ec2666"},
]

[[package]]
name = "certifi"
version = "2025.1.31"
requires_python = ">=3.6"
summary = "Python package for providing Mozilla's CA Bundle."
groups = ["default"]
files = [
    {file = "certifi-2025.1.31-py3-none-any.whl", hash = "sha256:ca78db4565a652026a4db2bcdf68f2fb589ea80d0be70e03929ed730746b84fe"},
    {file = "certifi-2025.1.31.tar.gz", hash = "sha256:3d5da6925056f6f18f119200434a4780a94263f10d1c21d032a6f6b2baa20651"},
]

[[package]]
name = "cffi"
version = "1.17.1"
requires_python = ">=3.8"
summary = "Foreign Function Interface for Python calling C code."
groups = ["default"]
dependencies = [
    "pycparser",
]
files = [
    {file = "cffi-1.17.1-cp311-cp311-macosx_10_9_x86_64.whl", hash = "sha256:a45e3c6913c5b87b3ff120dcdc03f6131fa0065027d0ed7ee6190736a74cd401"},
    {file = "cffi-1.17.1-cp311-cp311-macosx_11_0_arm64.whl", hash = "sha256:30c5e0cb5ae493c04c8b42916e52ca38079f1b235c2f8ae5f4527b963c401caf"},
    {file = "cffi-1.17.1-cp311-cp311-manylinux_2_12_i686.manylinux2010_i686.manylinux_2_17_i686.manylinux2014_i686.whl", hash = "sha256:f75c7ab1f9e4aca5414ed4d8e5c0e303a34f4421f8a0d47a4d019ceff0ab6af4"},
    {file = "cffi-1.17.1-cp311-cp311-manylinux_2_17_aarch64.manylinux2014_aarch64.whl", hash = "sha256:a1ed2dd2972641495a3ec98445e09766f077aee98a1c896dcb4ad0d303628e41"},
    {file = "cffi-1.17.1-cp311-cp311-manylinux_2_17_ppc64le.manylinux2014_ppc64le.whl", hash = "sha256:46bf43160c1a35f7ec506d254e5c890f3c03648a4dbac12d624e4490a7046cd1"},
    {file = "cffi-1.17.1-cp311-cp311-manylinux_2_17_s390x.manylinux2014_s390x.whl", hash = "sha256:a24ed04c8ffd54b0729c07cee15a81d964e6fee0e3d4d342a27b020d22959dc6"},
    {file = "cffi-1.17.1-cp311-cp311-manylinux_2_17_x86_64.manylinux2014_x86_64.whl", hash = "sha256:610faea79c43e44c71e1ec53a554553fa22321b65fae24889706c0a84d4ad86d"},
    {file = "cffi-1.17.1-cp311-cp311-musllinux_1_1_aarch64.whl", hash = "sha256:a9b15d491f3ad5d692e11f6b71f7857e7835eb677955c00cc0aefcd0669adaf6"},
    {file = "cffi-1.17.1-cp311-cp311-musllinux_1_1_i686.whl", hash = "sha256:de2ea4b5833625383e464549fec1bc395c1bdeeb5f25c4a3a82b5a8c756ec22f"},
    {file = "cffi-1.17.1-cp311-cp311-musllinux_1_1_x86_64.whl", hash = "sha256:fc48c783f9c87e60831201f2cce7f3b2e4846bf4d8728eabe54d60700b318a0b"},
    {file = "cffi-1.17.1-cp311-cp311-win32.whl", hash = "sha256:85a950a4ac9c359340d5963966e3e0a94a676bd6245a4b55bc43949eee26a655"},
    {file = "cffi-1.17.1-cp311-cp311-win_amd64.whl", hash = "sha256:caaf0640ef5f5517f49bc275eca1406b0ffa6aa184892812030f04c2abf589a0"},
    {file = "cffi-1.17.1.tar.gz", hash = "sha256:1c39c6016c32bc48dd54561950ebd6836e1670f2ae46128f67cf49e789c52824"},
]

[[package]]
name = "charset-normalizer"
version = "3.4.1"
requires_python = ">=3.7"
summary = "The Real First Universal Charset Detector. Open, modern and actively maintained alternative to Chardet."
groups = ["default"]
files = [
    {file = "charset_normalizer-3.4.1-cp311-cp311-macosx_10_9_universal2.whl", hash = "sha256:8bfa33f4f2672964266e940dd22a195989ba31669bd84629f05fab3ef4e2d125"},
    {file = "charset_normalizer-3.4.1-cp311-cp311-manylinux_2_17_aarch64.manylinux2014_aarch64.whl", hash = "sha256:28bf57629c75e810b6ae989f03c0828d64d6b26a5e205535585f96093e405ed1"},
    {file = "charset_normalizer-3.4.1-cp311-cp311-manylinux_2_17_ppc64le.manylinux2014_ppc64le.whl", hash = "sha256:f08ff5e948271dc7e18a35641d2f11a4cd8dfd5634f55228b691e62b37125eb3"},
    {file = "charset_normalizer-3.4.1-cp311-cp311-manylinux_2_17_s390x.manylinux2014_s390x.whl", hash = "sha256:234ac59ea147c59ee4da87a0c0f098e9c8d169f4dc2a159ef720f1a61bbe27cd"},
    {file = "charset_normalizer-3.4.1-cp311-cp311-manylinux_2_17_x86_64.manylinux2014_x86_64.whl", hash = "sha256:fd4ec41f914fa74ad1b8304bbc634b3de73d2a0889bd32076342a573e0779e00"},
    {file = "charset_normalizer-3.4.1-cp311-cp311-manylinux_2_5_i686.manylinux1_i686.manylinux_2_17_i686.manylinux2014_i686.whl", hash = "sha256:eea6ee1db730b3483adf394ea72f808b6e18cf3cb6454b4d86e04fa8c4327a12"},
    {file = "charset_normalizer-3.4.1-cp311-cp311-musllinux_1_2_aarch64.whl", hash = "sha256:c96836c97b1238e9c9e3fe90844c947d5afbf4f4c92762679acfe19927d81d77"},
    {file = "charset_normalizer-3.4.1-cp311-cp311-musllinux_1_2_i686.whl", hash = "sha256:4d86f7aff21ee58f26dcf5ae81a9addbd914115cdebcbb2217e4f0ed8982e146"},
    {file = "charset_normalizer-3.4.1-cp311-cp311-musllinux_1_2_ppc64le.whl", hash = "sha256:09b5e6733cbd160dcc09589227187e242a30a49ca5cefa5a7edd3f9d19ed53fd"},
    {file = "charset_normalizer-3.4.1-cp311-cp311-musllinux_1_2_s390x.whl", hash = "sha256:5777ee0881f9499ed0f71cc82cf873d9a0ca8af166dfa0af8ec4e675b7df48e6"},
    {file = "charset_normalizer-3.4.1-cp311-cp311-musllinux_1_2_x86_64.whl", hash = "sha256:237bdbe6159cff53b4f24f397d43c6336c6b0b42affbe857970cefbb620911c8"},
    {file = "charset_normalizer-3.4.1-cp311-cp311-win32.whl", hash = "sha256:8417cb1f36cc0bc7eaba8ccb0e04d55f0ee52df06df3ad55259b9a323555fc8b"},
    {file = "charset_normalizer-3.4.1-cp311-cp311-win_amd64.whl", hash = "sha256:d7f50a1f8c450f3925cb367d011448c39239bb3eb4117c36a6d354794de4ce76"},
    {file = "charset_normalizer-3.4.1-py3-none-any.whl", hash = "sha256:d98b1668f06378c6dbefec3b92299716b931cd4e6061f3c875a71ced1780ab85"},
    {file = "charset_normalizer-3.4.1.tar.gz", hash = "sha256:44251f18cd68a75b56585dd00dae26183e102cd5e0f9f1466e6df5da2ed64ea3"},
]

[[package]]
name = "click"
version = "8.1.8"
requires_python = ">=3.7"
summary = "Composable command line interface toolkit"
groups = ["dev", "lint"]
dependencies = [
    "colorama; platform_system == \"Windows\"",
    "importlib-metadata; python_version < \"3.8\"",
]
files = [
    {file = "click-8.1.8-py3-none-any.whl", hash = "sha256:63c132bbbed01578a06712a2d1f497bb62d9c1c0d329b7903a866228027263b2"},
    {file = "click-8.1.8.tar.gz", hash = "sha256:ed53c9d8990d83c2a27deae68e4ee337473f6330c040a31d4225c9574d16096a"},
]

[[package]]
name = "colorama"
version = "0.4.6"
requires_python = "!=3.0.*,!=3.1.*,!=3.2.*,!=3.3.*,!=3.4.*,!=3.5.*,!=3.6.*,>=2.7"
summary = "Cross-platform colored terminal text."
groups = ["default", "dev", "lint", "test"]
files = [
    {file = "colorama-0.4.6-py2.py3-none-any.whl", hash = "sha256:4f1d9991f5acc0ca119f9d443620b77f9d6b33703e51011c16baf57afb285fc6"},
    {file = "colorama-0.4.6.tar.gz", hash = "sha256:08695f5cb7ed6e0531a20572697297273c47b8cae5a63ffc6d6ed5c201be6e44"},
]

[[package]]
name = "comtypes"
version = "1.4.6"
requires_python = ">=3.7"
summary = "Pure Python COM package"
groups = ["default"]
files = [
    {file = "comtypes-1.4.6-py3-none-any.whl", hash = "sha256:51e7e43f45ec5e7bb2fd532c0e8b7564a7adb8c0b1c1d9c15b64963b4b103e3a"},
    {file = "comtypes-1.4.6.zip", hash = "sha256:613cb6799a1a5e2e7cd44fa433a4a71a637f4bab9d5a4d770d5357ff7ac6bc36"},
]

[[package]]
name = "cryptography"
version = "44.0.1"
requires_python = "!=3.9.0,!=3.9.1,>=3.7"
summary = "cryptography is a package which provides cryptographic recipes and primitives to Python developers."
groups = ["default"]
dependencies = [
    "cffi>=1.12; platform_python_implementation != \"PyPy\"",
]
files = [
    {file = "cryptography-44.0.1-cp37-abi3-macosx_10_9_universal2.whl", hash = "sha256:bf688f615c29bfe9dfc44312ca470989279f0e94bb9f631f85e3459af8efc009"},
    {file = "cryptography-44.0.1-cp37-abi3-manylinux_2_17_aarch64.manylinux2014_aarch64.whl", hash = "sha256:dd7c7e2d71d908dc0f8d2027e1604102140d84b155e658c20e8ad1304317691f"},
    {file = "cryptography-44.0.1-cp37-abi3-manylinux_2_17_x86_64.manylinux2014_x86_64.whl", hash = "sha256:887143b9ff6bad2b7570da75a7fe8bbf5f65276365ac259a5d2d5147a73775f2"},
    {file = "cryptography-44.0.1-cp37-abi3-manylinux_2_28_aarch64.whl", hash = "sha256:322eb03ecc62784536bc173f1483e76747aafeb69c8728df48537eb431cd1911"},
    {file = "cryptography-44.0.1-cp37-abi3-manylinux_2_28_armv7l.manylinux_2_31_armv7l.whl", hash = "sha256:21377472ca4ada2906bc313168c9dc7b1d7ca417b63c1c3011d0c74b7de9ae69"},
    {file = "cryptography-44.0.1-cp37-abi3-manylinux_2_28_x86_64.whl", hash = "sha256:df978682c1504fc93b3209de21aeabf2375cb1571d4e61907b3e7a2540e83026"},
    {file = "cryptography-44.0.1-cp37-abi3-manylinux_2_34_aarch64.whl", hash = "sha256:eb3889330f2a4a148abead555399ec9a32b13b7c8ba969b72d8e500eb7ef84cd"},
    {file = "cryptography-44.0.1-cp37-abi3-manylinux_2_34_x86_64.whl", hash = "sha256:8e6a85a93d0642bd774460a86513c5d9d80b5c002ca9693e63f6e540f1815ed0"},
    {file = "cryptography-44.0.1-cp37-abi3-musllinux_1_2_aarch64.whl", hash = "sha256:6f76fdd6fd048576a04c5210d53aa04ca34d2ed63336d4abd306d0cbe298fddf"},
    {file = "cryptography-44.0.1-cp37-abi3-musllinux_1_2_x86_64.whl", hash = "sha256:6c8acf6f3d1f47acb2248ec3ea261171a671f3d9428e34ad0357148d492c7864"},
    {file = "cryptography-44.0.1-cp37-abi3-win32.whl", hash = "sha256:24979e9f2040c953a94bf3c6782e67795a4c260734e5264dceea65c8f4bae64a"},
    {file = "cryptography-44.0.1-cp37-abi3-win_amd64.whl", hash = "sha256:fd0ee90072861e276b0ff08bd627abec29e32a53b2be44e41dbcdf87cbee2b00"},
    {file = "cryptography-44.0.1-cp39-abi3-macosx_10_9_universal2.whl", hash = "sha256:a2d8a7045e1ab9b9f803f0d9531ead85f90c5f2859e653b61497228b18452008"},
    {file = "cryptography-44.0.1-cp39-abi3-manylinux_2_17_aarch64.manylinux2014_aarch64.whl", hash = "sha256:b8272f257cf1cbd3f2e120f14c68bff2b6bdfcc157fafdee84a1b795efd72862"},
    {file = "cryptography-44.0.1-cp39-abi3-manylinux_2_17_x86_64.manylinux2014_x86_64.whl", hash = "sha256:1e8d181e90a777b63f3f0caa836844a1182f1f265687fac2115fcf245f5fbec3"},
    {file = "cryptography-44.0.1-cp39-abi3-manylinux_2_28_aarch64.whl", hash = "sha256:436df4f203482f41aad60ed1813811ac4ab102765ecae7a2bbb1dbb66dcff5a7"},
    {file = "cryptography-44.0.1-cp39-abi3-manylinux_2_28_armv7l.manylinux_2_31_armv7l.whl", hash = "sha256:4f422e8c6a28cf8b7f883eb790695d6d45b0c385a2583073f3cec434cc705e1a"},
    {file = "cryptography-44.0.1-cp39-abi3-manylinux_2_28_x86_64.whl", hash = "sha256:72198e2b5925155497a5a3e8c216c7fb3e64c16ccee11f0e7da272fa93b35c4c"},
    {file = "cryptography-44.0.1-cp39-abi3-manylinux_2_34_aarch64.whl", hash = "sha256:2a46a89ad3e6176223b632056f321bc7de36b9f9b93b2cc1cccf935a3849dc62"},
    {file = "cryptography-44.0.1-cp39-abi3-manylinux_2_34_x86_64.whl", hash = "sha256:53f23339864b617a3dfc2b0ac8d5c432625c80014c25caac9082314e9de56f41"},
    {file = "cryptography-44.0.1-cp39-abi3-musllinux_1_2_aarch64.whl", hash = "sha256:888fcc3fce0c888785a4876ca55f9f43787f4c5c1cc1e2e0da71ad481ff82c5b"},
    {file = "cryptography-44.0.1-cp39-abi3-musllinux_1_2_x86_64.whl", hash = "sha256:00918d859aa4e57db8299607086f793fa7813ae2ff5a4637e318a25ef82730f7"},
    {file = "cryptography-44.0.1-cp39-abi3-win32.whl", hash = "sha256:9b336599e2cb77b1008cb2ac264b290803ec5e8e89d618a5e978ff5eb6f715d9"},
    {file = "cryptography-44.0.1-cp39-abi3-win_amd64.whl", hash = "sha256:e403f7f766ded778ecdb790da786b418a9f2394f36e8cc8b796cc056ab05f44f"},
    {file = "cryptography-44.0.1.tar.gz", hash = "sha256:f51f5705ab27898afda1aaa430f34ad90dc117421057782022edf0600bec5f14"},
]

[[package]]
name = "evdev"
version = "1.9.1"
requires_python = ">=3.8"
summary = "Bindings to the Linux input handling subsystem"
groups = ["default"]
marker = "\"linux\" in sys_platform"
files = [
    {file = "evdev-1.9.1.tar.gz", hash = "sha256:dc640a064cb1c9fe1f8b970dc2039945a2a275d7b7ee62284bf427238abe45ee"},
]

[[package]]
name = "flake8"
version = "7.1.2"
requires_python = ">=3.8.1"
summary = "the modular source code checker: pep8 pyflakes and co"
groups = ["dev", "lint"]
dependencies = [
    "mccabe<0.8.0,>=0.7.0",
    "pycodestyle<2.13.0,>=2.12.0",
    "pyflakes<3.3.0,>=3.2.0",
]
files = [
    {file = "flake8-7.1.2-py2.py3-none-any.whl", hash = "sha256:1cbc62e65536f65e6d754dfe6f1bada7f5cf392d6f5db3c2b85892466c3e7c1a"},
    {file = "flake8-7.1.2.tar.gz", hash = "sha256:c586ffd0b41540951ae41af572e6790dbd49fc12b3aa2541685d253d9bd504bd"},
]

[[package]]
name = "idna"
version = "3.10"
requires_python = ">=3.6"
summary = "Internationalized Domain Names in Applications (IDNA)"
groups = ["default"]
files = [
    {file = "idna-3.10-py3-none-any.whl", hash = "sha256:946d195a0d259cbba61165e88e65941f16e9b36ea6ddb97f00452bae8b1287d3"},
    {file = "idna-3.10.tar.gz", hash = "sha256:12f65c9b470abda6dc35cf8e63cc574b1c52b11df2c86030af0ac09b01b13ea9"},
]

[[package]]
name = "iniconfig"
version = "2.0.0"
requires_python = ">=3.7"
summary = "brain-dead simple config-ini parsing"
groups = ["dev", "test"]
files = [
    {file = "iniconfig-2.0.0-py3-none-any.whl", hash = "sha256:b6a85871a79d2e3b22d2d1b94ac2824226a63c6b741c88f7ae975f18b6778374"},
    {file = "iniconfig-2.0.0.tar.gz", hash = "sha256:2d91e135bf72d31a410b17c16da610a82cb55f6b0477d1a902134b24a455b8b3"},
]

[[package]]
name = "isort"
version = "6.0.1"
requires_python = ">=3.9.0"
summary = "A Python utility / library to sort Python imports."
groups = ["dev", "lint"]
files = [
    {file = "isort-6.0.1-py3-none-any.whl", hash = "sha256:2dc5d7f65c9678d94c88dfc29161a320eec67328bc97aad576874cb4be1e9615"},
    {file = "isort-6.0.1.tar.gz", hash = "sha256:1cb5df28dfbc742e490c5e41bad6da41b805b0a8be7bc93cd0fb2a8a890ac450"},
]

[[package]]
name = "macholib"
version = "1.16.3"
summary = "Mach-O header analysis and editing"
groups = ["dev"]
marker = "sys_platform == \"darwin\""
dependencies = [
    "altgraph>=0.17",
]
files = [
    {file = "macholib-1.16.3-py2.py3-none-any.whl", hash = "sha256:0e315d7583d38b8c77e815b1ecbdbf504a8258d8b3e17b61165c6feb60d18f2c"},
    {file = "macholib-1.16.3.tar.gz", hash = "sha256:07ae9e15e8e4cd9a788013d81f5908b3609aa76f9b1421bae9c4d7606ec86a30"},
]

[[package]]
name = "mccabe"
version = "0.7.0"
requires_python = ">=3.6"
summary = "McCabe checker, plugin for flake8"
groups = ["dev", "lint"]
files = [
    {file = "mccabe-0.7.0-py2.py3-none-any.whl", hash = "sha256:6c2d30ab6be0e4a46919781807b4f0d834ebdd6c6e3dca0bda5a15f863427b6e"},
    {file = "mccabe-0.7.0.tar.gz", hash = "sha256:348e0240c33b60bbdf4e523192ef919f28cb2c3d7d5c7794f74009290f236325"},
]

[[package]]
name = "mypy-extensions"
version = "1.0.0"
requires_python = ">=3.5"
summary = "Type system extensions for programs checked with the mypy type checker."
groups = ["dev", "lint"]
files = [
    {file = "mypy_extensions-1.0.0-py3-none-any.whl", hash = "sha256:4392f6c0eb8a5668a69e23d168ffa70f0be9ccfd32b5cc2d26a34ae5b844552d"},
    {file = "mypy_extensions-1.0.0.tar.gz", hash = "sha256:75dbf8955dc00442a438fc4d0666508a9a97b6bd41aa2f0ffe9d2f2725af0782"},
]

[[package]]
name = "numpy"
version = "2.0.2"
requires_python = ">=3.9"
summary = "Fundamental package for array computing in Python"
groups = ["default"]
files = [
    {file = "numpy-2.0.2-cp311-cp311-macosx_10_9_x86_64.whl", hash = "sha256:49ca4decb342d66018b01932139c0961a8f9ddc7589611158cb3c27cbcf76448"},
    {file = "numpy-2.0.2-cp311-cp311-macosx_11_0_arm64.whl", hash = "sha256:11a76c372d1d37437857280aa142086476136a8c0f373b2e648ab2c8f18fb195"},
    {file = "numpy-2.0.2-cp311-cp311-macosx_14_0_arm64.whl", hash = "sha256:807ec44583fd708a21d4a11d94aedf2f4f3c3719035c76a2bbe1fe8e217bdc57"},
    {file = "numpy-2.0.2-cp311-cp311-macosx_14_0_x86_64.whl", hash = "sha256:8cafab480740e22f8d833acefed5cc87ce276f4ece12fdaa2e8903db2f82897a"},
    {file = "numpy-2.0.2-cp311-cp311-manylinux_2_17_aarch64.manylinux2014_aarch64.whl", hash = "sha256:a15f476a45e6e5a3a79d8a14e62161d27ad897381fecfa4a09ed5322f2085669"},
    {file = "numpy-2.0.2-cp311-cp311-manylinux_2_17_x86_64.manylinux2014_x86_64.whl", hash = "sha256:13e689d772146140a252c3a28501da66dfecd77490b498b168b501835041f951"},
    {file = "numpy-2.0.2-cp311-cp311-musllinux_1_1_x86_64.whl", hash = "sha256:9ea91dfb7c3d1c56a0e55657c0afb38cf1eeae4544c208dc465c3c9f3a7c09f9"},
    {file = "numpy-2.0.2-cp311-cp311-musllinux_1_2_aarch64.whl", hash = "sha256:c1c9307701fec8f3f7a1e6711f9089c06e6284b3afbbcd259f7791282d660a15"},
    {file = "numpy-2.0.2-cp311-cp311-win32.whl", hash = "sha256:a392a68bd329eafac5817e5aefeb39038c48b671afd242710b451e76090e81f4"},
    {file = "numpy-2.0.2-cp311-cp311-win_amd64.whl", hash = "sha256:286cd40ce2b7d652a6f22efdfc6d1edf879440e53e76a75955bc0c826c7e64dc"},
    {file = "numpy-2.0.2.tar.gz", hash = "sha256:883c987dee1880e2a864ab0dc9892292582510604156762362d9326444636e78"},
]

[[package]]
name = "opuslib"
version = "3.0.1"
summary = "Python bindings to the libopus, IETF low-delay audio codec"
groups = ["default"]
files = [
    {file = "opuslib-3.0.1.tar.gz", hash = "sha256:2cb045e5b03e7fc50dfefe431e3404dddddbd8f5961c10c51e32dfb69a044c97"},
]

[[package]]
name = "packaging"
version = "24.2"
requires_python = ">=3.8"
summary = "Core utilities for Python packages"
groups = ["dev", "lint", "test"]
files = [
    {file = "packaging-24.2-py3-none-any.whl", hash = "sha256:09abb1bccd265c01f4a3aa3f7a7db064b36514d2cba19a2f694fe6150451a759"},
    {file = "packaging-24.2.tar.gz", hash = "sha256:c228a6dc5e932d346bc5739379109d49e8853dd8223571c7c5b55260edc0b97f"},
]

[[package]]
name = "paho-mqtt"
version = "2.1.0"
requires_python = ">=3.7"
summary = "MQTT version 5.0/3.1.1 client class"
groups = ["default"]
files = [
    {file = "paho_mqtt-2.1.0-py3-none-any.whl", hash = "sha256:6db9ba9b34ed5bc6b6e3812718c7e06e2fd7444540df2455d2c51bd58808feee"},
    {file = "paho_mqtt-2.1.0.tar.gz", hash = "sha256:12d6e7511d4137555a3f6ea167ae846af2c7357b10bc6fa4f7c3968fc1723834"},
]

[[package]]
name = "pathspec"
version = "0.12.1"
requires_python = ">=3.8"
summary = "Utility library for gitignore style pattern matching of file paths."
groups = ["dev", "lint"]
files = [
    {file = "pathspec-0.12.1-py3-none-any.whl", hash = "sha256:a0d503e138a4c123b27490a4f7beda6a01c6f288df0e4a8b79c7eb0dc7b4cc08"},
    {file = "pathspec-0.12.1.tar.gz", hash = "sha256:a482d51503a1ab33b1c67a6c3813a26953dbdc71c31dacaef9a838c4e29f5712"},
]

[[package]]
name = "pefile"
version = "2023.2.7"
requires_python = ">=3.6.0"
summary = "Python PE parsing module"
groups = ["dev"]
marker = "sys_platform == \"win32\""
files = [
    {file = "pefile-2023.2.7-py3-none-any.whl", hash = "sha256:da185cd2af68c08a6cd4481f7325ed600a88f6a813bad9dea07ab3ef73d8d8d6"},
    {file = "pefile-2023.2.7.tar.gz", hash = "sha256:82e6114004b3d6911c77c3953e3838654b04511b8b66e8583db70c65998017dc"},
]

[[package]]
name = "platformdirs"
version = "4.3.6"
requires_python = ">=3.8"
summary = "A small Python package for determining appropriate platform-specific dirs, e.g. a `user data dir`."
groups = ["dev", "lint"]
files = [
    {file = "platformdirs-4.3.6-py3-none-any.whl", hash = "sha256:73e575e1408ab8103900836b97580d5307456908a03e92031bab39e4554cc3fb"},
    {file = "platformdirs-4.3.6.tar.gz", hash = "sha256:357fb2acbc885b0419afd3ce3ed34564c13c9b95c89360cd9563f73aa5e2b907"},
]

[[package]]
name = "pluggy"
version = "1.5.0"
requires_python = ">=3.8"
summary = "plugin and hook calling mechanisms for python"
groups = ["dev", "test"]
files = [
    {file = "pluggy-1.5.0-py3-none-any.whl", hash = "sha256:44e1ad92c8ca002de6377e165f3e0f1be63266ab4d554740532335b9d75ea669"},
    {file = "pluggy-1.5.0.tar.gz", hash = "sha256:2cffa88e94fdc978c4c574f15f9e59b7f4201d439195c3715ca9e2486f1d0cf1"},
]

[[package]]
name = "psutil"
version = "7.0.0"
requires_python = ">=3.6"
summary = "Cross-platform lib for process and system monitoring in Python.  NOTE: the syntax of this script MUST be kept compatible with Python 2.7."
groups = ["default"]
files = [
    {file = "psutil-7.0.0-cp36-abi3-macosx_10_9_x86_64.whl", hash = "sha256:101d71dc322e3cffd7cea0650b09b3d08b8e7c4109dd6809fe452dfd00e58b25"},
    {file = "psutil-7.0.0-cp36-abi3-macosx_11_0_arm64.whl", hash = "sha256:39db632f6bb862eeccf56660871433e111b6ea58f2caea825571951d4b6aa3da"},
    {file = "psutil-7.0.0-cp36-abi3-manylinux_2_12_i686.manylinux2010_i686.manylinux_2_17_i686.manylinux2014_i686.whl", hash = "sha256:1fcee592b4c6f146991ca55919ea3d1f8926497a713ed7faaf8225e174581e91"},
    {file = "psutil-7.0.0-cp36-abi3-manylinux_2_12_x86_64.manylinux2010_x86_64.manylinux_2_17_x86_64.manylinux2014_x86_64.whl", hash = "sha256:4b1388a4f6875d7e2aff5c4ca1cc16c545ed41dd8bb596cefea80111db353a34"},
    {file = "psutil-7.0.0-cp36-abi3-manylinux_2_17_aarch64.manylinux2014_aarch64.whl", hash = "sha256:a5f098451abc2828f7dc6b58d44b532b22f2088f4999a937557b603ce72b1993"},
    {file = "psutil-7.0.0-cp37-abi3-win32.whl", hash = "sha256:ba3fcef7523064a6c9da440fc4d6bd07da93ac726b5733c29027d7dc95b39d99"},
    {file = "psutil-7.0.0-cp37-abi3-win_amd64.whl", hash = "sha256:4cf3d4eb1aa9b348dec30105c55cd9b7d4629285735a102beb4441e38db90553"},
    {file = "psutil-7.0.0.tar.gz", hash = "sha256:7be9c3eba38beccb6495ea33afd982a44074b78f28c434a1f51cc07fd315c456"},
]

[[package]]
name = "pyaudio"
version = "0.2.14"
summary = "Cross-platform audio I/O with PortAudio"
groups = ["default"]
files = [
    {file = "PyAudio-0.2.14-cp311-cp311-win32.whl", hash = "sha256:506b32a595f8693811682ab4b127602d404df7dfc453b499c91a80d0f7bad289"},
    {file = "PyAudio-0.2.14-cp311-cp311-win_amd64.whl", hash = "sha256:bbeb01d36a2f472ae5ee5e1451cacc42112986abe622f735bb870a5db77cf903"},
    {file = "PyAudio-0.2.14.tar.gz", hash = "sha256:78dfff3879b4994d1f4fc6485646a57755c6ee3c19647a491f790a0895bd2f87"},
]

[[package]]
name = "pycaw"
version = "20240210"
summary = "Python Core Audio Windows Library"
groups = ["default"]
dependencies = [
    "comtypes",
    "psutil",
]
files = [
    {file = "pycaw-20240210-py3-none-any.whl", hash = "sha256:fbbe0ee67a7d32714240e26913266a386ae4375778c417a7e8ad6076eca62f1e"},
    {file = "pycaw-20240210.tar.gz", hash = "sha256:55e49359e9f227053f4fa15817a02d4a7bc52fc3db32e123894719a123c41d06"},
]

[[package]]
name = "pycodestyle"
version = "2.12.1"
requires_python = ">=3.8"
summary = "Python style guide checker"
groups = ["dev", "lint"]
files = [
    {file = "pycodestyle-2.12.1-py2.py3-none-any.whl", hash = "sha256:46f0fb92069a7c28ab7bb558f05bfc0110dac69a0cd23c61ea0040283a9d78b3"},
    {file = "pycodestyle-2.12.1.tar.gz", hash = "sha256:6838eae08bbce4f6accd5d5572075c63626a15ee3e6f842df996bf62f6d73521"},
]

[[package]]
name = "pycparser"
version = "2.22"
requires_python = ">=3.8"
summary = "C parser in Python"
groups = ["default"]
files = [
    {file = "pycparser-2.22-py3-none-any.whl", hash = "sha256:c3702b6d3dd8c7abc1afa565d7e63d53a1d0bd86cdc24edd75470f4de499cfcc"},
    {file = "pycparser-2.22.tar.gz", hash = "sha256:491c8be9c040f5390f5bf44a5b07752bd07f56edf992381b05c701439eec10f6"},
]

[[package]]
name = "pyflakes"
version = "3.2.0"
requires_python = ">=3.8"
summary = "passive checker of Python programs"
groups = ["dev", "lint"]
files = [
    {file = "pyflakes-3.2.0-py2.py3-none-any.whl", hash = "sha256:84b5be138a2dfbb40689ca07e2152deb896a65c3a3e24c251c5c62489568074a"},
    {file = "pyflakes-3.2.0.tar.gz", hash = "sha256:1c61603ff154621fb2a9172037d84dca3500def8c8b630657d1701f026f8af3f"},
]

[[package]]
name = "pyinstaller"
version = "6.12.0"
requires_python = "<3.14,>=3.8"
summary = "PyInstaller bundles a Python application and all its dependencies into a single package."
groups = ["dev"]
dependencies = [
    "altgraph",
    "importlib-metadata>=4.6; python_version < \"3.10\"",
    "macholib>=1.8; sys_platform == \"darwin\"",
    "packaging>=22.0",
    "pefile!=2024.8.26,>=2022.5.30; sys_platform == \"win32\"",
    "pyinstaller-hooks-contrib>=2025.1",
    "pywin32-ctypes>=0.2.1; sys_platform == \"win32\"",
    "setuptools>=42.0.0",
]
files = [
    {file = "pyinstaller-6.12.0-py3-none-macosx_10_13_universal2.whl", hash = "sha256:68f1e4cecf88a6272063977fa2a2c69ad37cf568e5901769d7206d0314c74f47"},
    {file = "pyinstaller-6.12.0-py3-none-manylinux2014_aarch64.whl", hash = "sha256:fea76fc9b55ffa730fcf90beb897cce4399938460b0b6f40507fbebfc752c753"},
    {file = "pyinstaller-6.12.0-py3-none-manylinux2014_i686.whl", hash = "sha256:dac8a27988dbc33cdc34f2046803258bc3f6829de24de52745a5daa22bdba0f1"},
    {file = "pyinstaller-6.12.0-py3-none-manylinux2014_ppc64le.whl", hash = "sha256:83c7f3bde9871b4a6aa71c66a96e8ba5c21668ce711ed97f510b9382d10aac6c"},
    {file = "pyinstaller-6.12.0-py3-none-manylinux2014_s390x.whl", hash = "sha256:a69818815c6e0711c727edc30680cb1f81c691b59de35db81a2d9e0ae26a9ef1"},
    {file = "pyinstaller-6.12.0-py3-none-manylinux2014_x86_64.whl", hash = "sha256:a2abf5fde31a8b38b6df7939bcef8ac1d0c51e97e25317ce3555cd675259750f"},
    {file = "pyinstaller-6.12.0-py3-none-musllinux_1_1_aarch64.whl", hash = "sha256:8e92e9873a616547bbabbb5a3a9843d5f2ab40c3d8b26810acdf0fe257bee4cf"},
    {file = "pyinstaller-6.12.0-py3-none-musllinux_1_1_x86_64.whl", hash = "sha256:aefe502d55c9cf6aeaed7feba80b5f8491ce43f8f2b5fe2d9aadca3ee5a05bc4"},
    {file = "pyinstaller-6.12.0-py3-none-win32.whl", hash = "sha256:138856a5a503bb69c066377e0a22671b0db063e9cc14d5cf5c798a53561200d3"},
    {file = "pyinstaller-6.12.0-py3-none-win_amd64.whl", hash = "sha256:0e62d3906309248409f215b386f33afec845214e69cc0f296b93222b26a88f43"},
    {file = "pyinstaller-6.12.0-py3-none-win_arm64.whl", hash = "sha256:0c271896a3a168f4f91827145702543db9c5427f4c7372a6df8c75925a3ac18a"},
    {file = "pyinstaller-6.12.0.tar.gz", hash = "sha256:1834797be48ce1b26015af68bdeb3c61a6c7500136f04e0fc65e468115dec777"},
]

[[package]]
name = "pyinstaller-hooks-contrib"
version = "2025.1"
requires_python = ">=3.8"
summary = "Community maintained hooks for PyInstaller"
groups = ["dev"]
dependencies = [
    "importlib-metadata>=4.6; python_version < \"3.10\"",
    "packaging>=22.0",
    "setuptools>=42.0.0",
]
files = [
    {file = "pyinstaller_hooks_contrib-2025.1-py3-none-any.whl", hash = "sha256:d3c799470cbc0bda60dcc8e6b4ab976777532b77621337f2037f558905e3a8e9"},
    {file = "pyinstaller_hooks_contrib-2025.1.tar.gz", hash = "sha256:130818f9e9a0a7f2261f1fd66054966a3a50c99d000981c5d1db11d3ad0c6ab2"},
]

[[package]]
name = "pynput"
version = "1.8.0"
summary = "Monitor and control user input devices"
groups = ["default"]
dependencies = [
    "enum34; python_version == \"2.7\"",
    "evdev>=1.3; \"linux\" in sys_platform",
    "pyobjc-framework-ApplicationServices>=8.0; sys_platform == \"darwin\"",
    "pyobjc-framework-Quartz>=8.0; sys_platform == \"darwin\"",
    "python-xlib>=0.17; \"linux\" in sys_platform",
    "six",
]
files = [
    {file = "pynput-1.8.0-py2.py3-none-any.whl", hash = "sha256:dc660dc93cb03cf58141e54ed575667032841846801f3dc3c4c719d4209c7e5c"},
]

[[package]]
name = "pyobjc-core"
version = "11.0"
requires_python = ">=3.8"
summary = "Python<->ObjC Interoperability Module"
groups = ["default"]
marker = "sys_platform == \"darwin\""
files = [
    {file = "pyobjc_core-11.0-cp311-cp311-macosx_10_9_universal2.whl", hash = "sha256:50675c0bb8696fe960a28466f9baf6943df2928a1fd85625d678fa2f428bd0bd"},
    {file = "pyobjc_core-11.0.tar.gz", hash = "sha256:63bced211cb8a8fb5c8ff46473603da30e51112861bd02c438fbbbc8578d9a70"},
]

[[package]]
name = "pyobjc-framework-applicationservices"
version = "11.0"
requires_python = ">=3.9"
summary = "Wrappers for the framework ApplicationServices on macOS"
groups = ["default"]
marker = "sys_platform == \"darwin\""
dependencies = [
    "pyobjc-core>=11.0",
    "pyobjc-framework-Cocoa>=11.0",
    "pyobjc-framework-CoreText>=11.0",
    "pyobjc-framework-Quartz>=11.0",
]
files = [
    {file = "pyobjc_framework_ApplicationServices-11.0-cp311-cp311-macosx_10_9_universal2.whl", hash = "sha256:61a99eef23abb704257310db4f5271137707e184768f6407030c01de4731b67b"},
    {file = "pyobjc_framework_applicationservices-11.0.tar.gz", hash = "sha256:d6ea18dfc7d5626a3ecf4ac72d510405c0d3a648ca38cae8db841acdebecf4d2"},
]

[[package]]
name = "pyobjc-framework-cocoa"
version = "11.0"
requires_python = ">=3.9"
summary = "Wrappers for the Cocoa frameworks on macOS"
groups = ["default"]
marker = "sys_platform == \"darwin\""
dependencies = [
    "pyobjc-core>=11.0",
]
files = [
    {file = "pyobjc_framework_Cocoa-11.0-cp311-cp311-macosx_10_9_universal2.whl", hash = "sha256:3ea7be6e6dd801b297440de02d312ba3fa7fd3c322db747ae1cb237e975f5d33"},
    {file = "pyobjc_framework_cocoa-11.0.tar.gz", hash = "sha256:00346a8cb81ad7b017b32ff7bf596000f9faa905807b1bd234644ebd47f692c5"},
]

[[package]]
name = "pyobjc-framework-coretext"
version = "11.0"
requires_python = ">=3.9"
summary = "Wrappers for the framework CoreText on macOS"
groups = ["default"]
marker = "sys_platform == \"darwin\""
dependencies = [
    "pyobjc-core>=11.0",
    "pyobjc-framework-Cocoa>=11.0",
    "pyobjc-framework-Quartz>=11.0",
]
files = [
    {file = "pyobjc_framework_CoreText-11.0-cp311-cp311-macosx_10_9_universal2.whl", hash = "sha256:56a4889858308b0d9f147d568b4d91c441cc0ffd332497cb4f709bb1990450c1"},
    {file = "pyobjc_framework_coretext-11.0.tar.gz", hash = "sha256:a68437153e627847e3898754dd3f13ae0cb852246b016a91f9c9cbccb9f91a43"},
]

[[package]]
name = "pyobjc-framework-quartz"
version = "11.0"
requires_python = ">=3.9"
summary = "Wrappers for the Quartz frameworks on macOS"
groups = ["default"]
marker = "sys_platform == \"darwin\""
dependencies = [
    "pyobjc-core>=11.0",
    "pyobjc-framework-Cocoa>=11.0",
]
files = [
    {file = "pyobjc_framework_Quartz-11.0-cp311-cp311-macosx_10_9_universal2.whl", hash = "sha256:d251696bfd8e8ef72fbc90eb29fec95cb9d1cc409008a183d5cc3246130ae8c2"},
    {file = "pyobjc_framework_quartz-11.0.tar.gz", hash = "sha256:3205bf7795fb9ae34747f701486b3db6dfac71924894d1f372977c4d70c3c619"},
]

[[package]]
name = "pyperclip"
version = "1.9.0"
summary = "A cross-platform clipboard module for Python. (Only handles plain text for now.)"
groups = ["default"]
files = [
    {file = "pyperclip-1.9.0.tar.gz", hash = "sha256:b7de0142ddc81bfc5c7507eea19da920b92252b548b96186caf94a5e2527d310"},
]

[[package]]
name = "pypinyin"
version = "0.53.0"
requires_python = "!=3.0.*,!=3.1.*,!=3.2.*,<4,>=2.6"
summary = "汉字拼音转换模块/工具."
groups = ["default"]
dependencies = [
    "argparse; python_version < \"2.7\"",
    "enum34; python_version < \"3.4\"",
    "typing; python_version < \"3.5\"",
]
files = [
    {file = "pypinyin-0.53.0-py2.py3-none-any.whl", hash = "sha256:a906768919da3c31771f2c5e0e5a759214dc38d0087e15e6ff67649e03df8097"},
    {file = "pypinyin-0.53.0.tar.gz", hash = "sha256:a2d39ddc2bd31b55897bbb10d2e11a0c4d399988a97c00ad489c151afd9b106d"},
]

[[package]]
name = "pytest"
version = "8.3.5"
requires_python = ">=3.8"
summary = "pytest: simple powerful testing with Python"
groups = ["dev", "test"]
dependencies = [
    "colorama; sys_platform == \"win32\"",
    "exceptiongroup>=1.0.0rc8; python_version < \"3.11\"",
    "iniconfig",
    "packaging",
    "pluggy<2,>=1.5",
    "tomli>=1; python_version < \"3.11\"",
]
files = [
    {file = "pytest-8.3.5-py3-none-any.whl", hash = "sha256:c69214aa47deac29fad6c2a4f590b9c4a9fdb16a403176fe154b79c0b4d4d820"},
    {file = "pytest-8.3.5.tar.gz", hash = "sha256:f4efe70cc14e511565ac476b57c279e12a855b11f48f212af1080ef2263d3845"},
]

[[package]]
name = "python-xlib"
version = "0.33"
summary = "Python X Library"
groups = ["default"]
marker = "\"linux\" in sys_platform"
dependencies = [
    "six>=1.10.0",
]
files = [
    {file = "python-xlib-0.33.tar.gz", hash = "sha256:55af7906a2c75ce6cb280a584776080602444f75815a7aff4d287bb2d7018b32"},
    {file = "python_xlib-0.33-py2.py3-none-any.whl", hash = "sha256:c3534038d42e0df2f1392a1b30a15a4ff5fdc2b86cfa94f072bf11b10a164398"},
]

[[package]]
name = "pywin32-ctypes"
version = "0.2.3"
requires_python = ">=3.6"
summary = "A (partial) reimplementation of pywin32 using ctypes/cffi"
groups = ["dev"]
marker = "sys_platform == \"win32\""
files = [
    {file = "pywin32-ctypes-0.2.3.tar.gz", hash = "sha256:d162dc04946d704503b2edc4d55f3dba5c1d539ead017afa00142c38b9885755"},
    {file = "pywin32_ctypes-0.2.3-py3-none-any.whl", hash = "sha256:8a1513379d709975552d202d942d9837758905c8d01eb82b8bcc30918929e7b8"},
]

[[package]]
name = "requests"
version = "2.32.3"
requires_python = ">=3.8"
summary = "Python HTTP for Humans."
groups = ["default"]
dependencies = [
    "certifi>=2017.4.17",
    "charset-normalizer<4,>=2",
    "idna<4,>=2.5",
    "urllib3<3,>=1.21.1",
]
files = [
    {file = "requests-2.32.3-py3-none-any.whl", hash = "sha256:70761cfe03c773ceb22aa2f671b4757976145175cdfca038c02654d061d6dcc6"},
    {file = "requests-2.32.3.tar.gz", hash = "sha256:55365417734eb18255590a9ff9eb97e9e1da868d4ccd6402399eaf68af20a760"},
]

[[package]]
name = "scipy"
version = "1.15.2"
requires_python = ">=3.10"
summary = "Fundamental algorithms for scientific computing in Python"
groups = ["default"]
dependencies = [
    "numpy<2.5,>=1.23.5",
]
files = [
    {file = "scipy-1.15.2-cp311-cp311-macosx_10_13_x86_64.whl", hash = "sha256:92233b2df6938147be6fa8824b8136f29a18f016ecde986666be5f4d686a91a4"},
    {file = "scipy-1.15.2-cp311-cp311-macosx_12_0_arm64.whl", hash = "sha256:62ca1ff3eb513e09ed17a5736929429189adf16d2d740f44e53270cc800ecff1"},
    {file = "scipy-1.15.2-cp311-cp311-macosx_14_0_arm64.whl", hash = "sha256:4c6676490ad76d1c2894d77f976144b41bd1a4052107902238047fb6a473e971"},
    {file = "scipy-1.15.2-cp311-cp311-macosx_14_0_x86_64.whl", hash = "sha256:a8bf5cb4a25046ac61d38f8d3c3426ec11ebc350246a4642f2f315fe95bda655"},
    {file = "scipy-1.15.2-cp311-cp311-manylinux_2_17_aarch64.manylinux2014_aarch64.whl", hash = "sha256:6a8e34cf4c188b6dd004654f88586d78f95639e48a25dfae9c5e34a6dc34547e"},
    {file = "scipy-1.15.2-cp311-cp311-manylinux_2_17_x86_64.manylinux2014_x86_64.whl", hash = "sha256:28a0d2c2075946346e4408b211240764759e0fabaeb08d871639b5f3b1aca8a0"},
    {file = "scipy-1.15.2-cp311-cp311-musllinux_1_2_aarch64.whl", hash = "sha256:42dabaaa798e987c425ed76062794e93a243be8f0f20fff6e7a89f4d61cb3d40"},
    {file = "scipy-1.15.2-cp311-cp311-musllinux_1_2_x86_64.whl", hash = "sha256:6f5e296ec63c5da6ba6fa0343ea73fd51b8b3e1a300b0a8cae3ed4b1122c7462"},
    {file = "scipy-1.15.2-cp311-cp311-win_amd64.whl", hash = "sha256:597a0c7008b21c035831c39927406c6181bcf8f60a73f36219b69d010aa04737"},
    {file = "scipy-1.15.2.tar.gz", hash = "sha256:cd58a314d92838f7e6f755c8a2167ead4f27e1fd5c1251fd54289569ef3495ec"},
]

[[package]]
name = "setuptools"
version = "76.0.0"
requires_python = ">=3.9"
summary = "Easily download, build, install, upgrade, and uninstall Python packages"
groups = ["dev"]
files = [
    {file = "setuptools-76.0.0-py3-none-any.whl", hash = "sha256:199466a166ff664970d0ee145839f5582cb9bca7a0a3a2e795b6a9cb2308e9c6"},
    {file = "setuptools-76.0.0.tar.gz", hash = "sha256:43b4ee60e10b0d0ee98ad11918e114c70701bc6051662a9a675a0496c1a158f4"},
]

[[package]]
name = "six"
version = "1.17.0"
requires_python = "!=3.0.*,!=3.1.*,!=3.2.*,>=2.7"
summary = "Python 2 and 3 compatibility utilities"
groups = ["default"]
files = [
    {file = "six-1.17.0-py2.py3-none-any.whl", hash = "sha256:4721f391ed90541fddacab5acf947aa0d3dc7d27b2e1e8eda2be8970586c3274"},
    {file = "six-1.17.0.tar.gz", hash = "sha256:ff70335d468e7eb6ec65b95b99d3a2836546063f63acc5171de367e834932a81"},
]

[[package]]
name = "srt"
version = "3.5.3"
requires_python = ">=2.7"
summary = "A tiny library for parsing, modifying, and composing SRT files."
groups = ["default"]
files = [
    {file = "srt-3.5.3.tar.gz", hash = "sha256:4884315043a4f0740fd1f878ed6caa376ac06d70e135f306a6dc44632eed0cc0"},
]

[[package]]
name = "tqdm"
version = "4.67.1"
requires_python = ">=3.7"
summary = "Fast, Extensible Progress Meter"
groups = ["default"]
dependencies = [
    "colorama; platform_system == \"Windows\"",
]
files = [
    {file = "tqdm-4.67.1-py3-none-any.whl", hash = "sha256:26445eca388f82e72884e0d580d5464cd801a3ea01e63e5601bdff9ba6a48de2"},
    {file = "tqdm-4.67.1.tar.gz", hash = "sha256:f8aef9c52c08c13a65f30ea34f4e5aac3fd1a34959879d7e59e63027286627f2"},
]

[[package]]
name = "urllib3"
version = "2.3.0"
requires_python = ">=3.9"
summary = "HTTP library with thread-safe connection pooling, file post, and more."
groups = ["default"]
files = [
    {file = "urllib3-2.3.0-py3-none-any.whl", hash = "sha256:1cee9ad369867bfdbbb48b7dd50374c0967a0bb7710050facf0dd6911440e3df"},
    {file = "urllib3-2.3.0.tar.gz", hash = "sha256:f8c5449b3cf0861679ce7e0503c7b44b5ec981bec0d1d3795a07f1ba96f0204d"},
]

[[package]]
name = "vosk"
version = "0.3.44"
requires_python = ">=3"
summary = "Offline open source speech recognition API based on Kaldi and Vosk"
groups = ["default"]
dependencies = [
    "cffi>=1.0",
    "requests",
    "srt",
    "tqdm",
    "websockets",
]
files = [
    {file = "vosk-0.3.44-py3-none-linux_armv7l.whl", hash = "sha256:a0d4a2c384692d721d4cda58aa79aac22edb0c445759e9ca2df61f44a5d2fdda"},
    {file = "vosk-0.3.44-py3-none-macosx_10_6_universal2.whl", hash = "sha256:029d0b3d6a5cff874c575b8a5814a4cccfb37608cff52e846c02a8c67a882801"},
    {file = "vosk-0.3.44-py3-none-manylinux2014_aarch64.whl", hash = "sha256:9995b7fa5434b134b4bd09897e2490dbc56115c2ad2943c030621e10c7037b34"},
    {file = "vosk-0.3.44-py3-none-manylinux_2_12_x86_64.manylinux2010_x86_64.whl", hash = "sha256:2652ef213c4c7807dc40af1e7aa578dcccfc4dc4192822a26bc45a9591bcbf76"},
    {file = "vosk-0.3.44-py3-none-win32.whl", hash = "sha256:93895a51b8bd7b4c780eef05a3d99bf2af03f02fe5f4e4bba3da17bd0fd69138"},
    {file = "vosk-0.3.44-py3-none-win_amd64.whl", hash = "sha256:45b1b1136a5cba6066c51da9f852dca7a855744db4ab72b23750c681d36f3202"},
]

[[package]]
name = "webrtcvad-wheels"
version = "2.0.14"
summary = "Python interface to the Google WebRTC Voice Activity Detector (VAD) [released with binary wheels!]"
groups = ["default"]
files = [
    {file = "webrtcvad_wheels-2.0.14-cp311-cp311-macosx_10_9_x86_64.whl", hash = "sha256:e17f5b273523ae9de28117078107e4a2cee1b521d99d5fd2a88622277d7fa06f"},
    {file = "webrtcvad_wheels-2.0.14-cp311-cp311-macosx_11_0_arm64.whl", hash = "sha256:f1f6e6cb99e58f65d9a357fef0703263cf2eb5fa4d63333fff2aba73e2ad3947"},
    {file = "webrtcvad_wheels-2.0.14-cp311-cp311-manylinux_2_17_aarch64.manylinux2014_aarch64.whl", hash = "sha256:b4003139f180b8e4930b862d662dc574602e4547c8fb497bc48579b7cacc4110"},
    {file = "webrtcvad_wheels-2.0.14-cp311-cp311-manylinux_2_17_ppc64le.manylinux2014_ppc64le.whl", hash = "sha256:af2656e2e344abaad2fab8f4441a1ef850643bd7de15c2df54ca6c9fa92961f5"},
    {file = "webrtcvad_wheels-2.0.14-cp311-cp311-manylinux_2_17_x86_64.manylinux2014_x86_64.whl", hash = "sha256:42cbef958b145573fb425482dbbd74fc080540a510c3871e1cebd59afa83c87f"},
    {file = "webrtcvad_wheels-2.0.14-cp311-cp311-manylinux_2_5_i686.manylinux1_i686.manylinux_2_17_i686.manylinux2014_i686.whl", hash = "sha256:bce6be5aef9512dbbaccbf16df2793c9e1a3b538c8cebb05976cf4e44bd3381f"},
    {file = "webrtcvad_wheels-2.0.14-cp311-cp311-musllinux_1_2_aarch64.whl", hash = "sha256:32409315eaaec46ea58fb7e729193c66573d95124208efd03f332bc2fc4c6c7b"},
    {file = "webrtcvad_wheels-2.0.14-cp311-cp311-musllinux_1_2_i686.whl", hash = "sha256:aa8e901c1cdc4344a62a09745b2b3cdf34617801efc49d433fdbc238193efc9c"},
    {file = "webrtcvad_wheels-2.0.14-cp311-cp311-musllinux_1_2_ppc64le.whl", hash = "sha256:e739720c6b5bb0a21629f3a43563d8afe1de1b40d0ca07a39bc70f0584e05cc8"},
    {file = "webrtcvad_wheels-2.0.14-cp311-cp311-musllinux_1_2_x86_64.whl", hash = "sha256:04e47b87bf673098f25e2c2e07e486b58a339a93231ee0021a86a92b3b759b89"},
    {file = "webrtcvad_wheels-2.0.14-cp311-cp311-win32.whl", hash = "sha256:4838e120cbd2e76bd47abc338c3121e8dea7653ae19650ce4f9c40b9bf84bc19"},
    {file = "webrtcvad_wheels-2.0.14-cp311-cp311-win_amd64.whl", hash = "sha256:0d9ad6ef4ef7c89228469df52a4657886055a9f1ab036ede09400e2279ac5c70"},
    {file = "webrtcvad_wheels-2.0.14.tar.gz", hash = "sha256:5f59c8e291c6ef102d9f39532982fbf26a52ce2de6328382e2654b0960fea397"},
]

[[package]]
name = "websockets"
version = "11.0.3"
requires_python = ">=3.7"
summary = "An implementation of the WebSocket Protocol (RFC 6455 & 7692)"
groups = ["default"]
files = [
    {file = "websockets-11.0.3-cp311-cp311-macosx_10_9_universal2.whl", hash = "sha256:e848f46a58b9fcf3d06061d17be388caf70ea5b8cc3466251963c8345e13f7eb"},
    {file = "websockets-11.0.3-cp311-cp311-macosx_10_9_x86_64.whl", hash = "sha256:aa5003845cdd21ac0dc6c9bf661c5beddd01116f6eb9eb3c8e272353d45b3288"},
    {file = "websockets-11.0.3-cp311-cp311-macosx_11_0_arm64.whl", hash = "sha256:b58cbf0697721120866820b89f93659abc31c1e876bf20d0b3d03cef14faf84d"},
    {file = "websockets-11.0.3-cp311-cp311-manylinux_2_17_aarch64.manylinux2014_aarch64.whl", hash = "sha256:660e2d9068d2bedc0912af508f30bbeb505bbbf9774d98def45f68278cea20d3"},
    {file = "websockets-11.0.3-cp311-cp311-manylinux_2_5_i686.manylinux1_i686.manylinux_2_17_i686.manylinux2014_i686.whl", hash = "sha256:c1f0524f203e3bd35149f12157438f406eff2e4fb30f71221c8a5eceb3617b6b"},
    {file = "websockets-11.0.3-cp311-cp311-manylinux_2_5_x86_64.manylinux1_x86_64.manylinux_2_17_x86_64.manylinux2014_x86_64.whl", hash = "sha256:def07915168ac8f7853812cc593c71185a16216e9e4fa886358a17ed0fd9fcf6"},
    {file = "websockets-11.0.3-cp311-cp311-musllinux_1_1_aarch64.whl", hash = "sha256:b30c6590146e53149f04e85a6e4fcae068df4289e31e4aee1fdf56a0dead8f97"},
    {file = "websockets-11.0.3-cp311-cp311-musllinux_1_1_i686.whl", hash = "sha256:619d9f06372b3a42bc29d0cd0354c9bb9fb39c2cbc1a9c5025b4538738dbffaf"},
    {file = "websockets-11.0.3-cp311-cp311-musllinux_1_1_x86_64.whl", hash = "sha256:01f5567d9cf6f502d655151645d4e8b72b453413d3819d2b6f1185abc23e82dd"},
    {file = "websockets-11.0.3-cp311-cp311-win32.whl", hash = "sha256:e1459677e5d12be8bbc7584c35b992eea142911a6236a3278b9b5ce3326f282c"},
    {file = "websockets-11.0.3-cp311-cp311-win_amd64.whl", hash = "sha256:e7837cb169eca3b3ae94cc5787c4fed99eef74c0ab9506756eea335e0d6f3ed8"},
    {file = "websockets-11.0.3-py3-none-any.whl", hash = "sha256:6681ba9e7f8f3b19440921e99efbb40fc89f26cd71bf539e45d8c8a25c976dc6"},
    {file = "websockets-11.0.3.tar.gz", hash = "sha256:88fc51d9a26b10fc331be344f1781224a375b78488fc343620184e95a4b27016"},
]
